
Microsoft Visual Studio Solution File, Format Version 12.00
# Visual Studio 15
VisualStudioVersion = 15.0.27703.2047
MinimumVisualStudioVersion = 10.0.40219.1
Project("{FAE04EC0-301F-11D3-BF4B-00C04F79EFBC}") = "MeteostationStatisticsObserver", "MeteostationStatisticsObserver\MeteostationStatisticsObserver.csproj", "{58E9349A-D256-4A2A-BEAB-4FDA089ABEB5}"
EndProject
Global
	GlobalSection(SolutionConfigurationPlatforms) = preSolution
		Debug|Any CPU = Debug|Any CPU
		Release|Any CPU = Release|Any CPU
	EndGlobalSection
	GlobalSection(ProjectConfigurationPlatforms) = postSolution
		{58E9349A-D256-4A2A-BEAB-4FDA089ABEB5}.Debug|Any CPU.ActiveCfg = Debug|Any CPU
		{58E9349A-D256-4A2A-BEAB-4FDA089ABEB5}.Debug|Any CPU.Build.0 = Debug|Any CPU
		{58E9349A-D256-4A2A-BEAB-4FDA089ABEB5}.Release|Any CPU.ActiveCfg = Release|Any CPU
		{58E9349A-D256-4A2A-BEAB-4FDA089ABEB5}.Release|Any CPU.Build.0 = Release|Any CPU
	EndGlobalSection
	GlobalSection(SolutionProperties) = preSolution
		HideSolutionNode = FALSE
	EndGlobalSection
	GlobalSection(ExtensibilityGlobals) = postSolution
		SolutionGuid = {E9CC21D2-CE84-4476-ABE9-854D0E7D81CC}
	EndGlobalSection
EndGlobal
